
Microsoft Visual Studio Solution File, Format Version 12.00
# Visual Studio Version 16
VisualStudioVersion = 25.0.1705.0
MinimumVisualStudioVersion = 10.0.40219.1
Project("{FAE04EC0-301F-11D3-BF4B-00C04F79EFBC}") = "NUnitDemonstration", "NUnitDemonstration\NUnitDemonstration.csproj", "{4F6BF6E3-8703-4A16-BE18-84B5F2B4EBC3}"
EndProject
Project("{FAE04EC0-301F-11D3-BF4B-00C04F79EFBC}") = "NUnitTest", "NUnitTest\NUnitTest.csproj", "{886CFB76-2757-4DE4-9323-EA8C2CC2A75F}"
EndProject
Global
	GlobalSection(SolutionConfigurationPlatforms) = preSolution
		Debug|Any CPU = Debug|Any CPU
		Release|Any CPU = Release|Any CPU
	EndGlobalSection
	GlobalSection(ProjectConfigurationPlatforms) = postSolution
		{4F6BF6E3-8703-4A16-BE18-84B5F2B4EBC3}.Debug|Any CPU.ActiveCfg = Debug|Any CPU
		{4F6BF6E3-8703-4A16-BE18-84B5F2B4EBC3}.Debug|Any CPU.Build.0 = Debug|Any CPU
		{4F6BF6E3-8703-4A16-BE18-84B5F2B4EBC3}.Release|Any CPU.ActiveCfg = Release|Any CPU
		{4F6BF6E3-8703-4A16-BE18-84B5F2B4EBC3}.Release|Any CPU.Build.0 = Release|Any CPU
		{886CFB76-2757-4DE4-9323-EA8C2CC2A75F}.Debug|Any CPU.ActiveCfg = Debug|Any CPU
		{886CFB76-2757-4DE4-9323-EA8C2CC2A75F}.Debug|Any CPU.Build.0 = Debug|Any CPU
		{886CFB76-2757-4DE4-9323-EA8C2CC2A75F}.Release|Any CPU.ActiveCfg = Release|Any CPU
		{886CFB76-2757-4DE4-9323-EA8C2CC2A75F}.Release|Any CPU.Build.0 = Release|Any CPU
	EndGlobalSection
	GlobalSection(SolutionProperties) = preSolution
		HideSolutionNode = FALSE
	EndGlobalSection
	GlobalSection(ExtensibilityGlobals) = postSolution
		SolutionGuid = {968B06A9-19A8-4377-BC49-9725AC362C3E}
	EndGlobalSection
EndGlobal
